
Microsoft Visual Studio Solution File, Format Version 12.00
# Visual Studio Version 16
VisualStudioVersion = 16.0.29209.62
MinimumVisualStudioVersion = 10.0.40219.1
Project("{FAE04EC0-301F-11D3-BF4B-00C04F79EFBC}") = "Api", "Api\Api.csproj", "{69903F85-1876-48EC-8E4F-07FA98A0AA09}"
EndProject
Project("{FAE04EC0-301F-11D3-BF4B-00C04F79EFBC}") = "Core", "Core\Core.csproj", "{0E9C975F-8368-462E-8C8B-ED794958167B}"
EndProject
Project("{FAE04EC0-301F-11D3-BF4B-00C04F79EFBC}") = "Infrastructure", "Infrastructure\Infrastructure.csproj", "{A2ED5FE3-1AD8-4E7B-B3BF-72D6193D46ED}"
EndProject
Project("{FAE04EC0-301F-11D3-BF4B-00C04F79EFBC}") = "Services", "Services\Services.csproj", "{BA0A6B44-B049-4B06-84B4-CF88983D425C}"
EndProject
Global
	GlobalSection(SolutionConfigurationPlatforms) = preSolution
		Debug|Any CPU = Debug|Any CPU
		Release|Any CPU = Release|Any CPU
	EndGlobalSection
	GlobalSection(ProjectConfigurationPlatforms) = postSolution
		{69903F85-1876-48EC-8E4F-07FA98A0AA09}.Debug|Any CPU.ActiveCfg = Debug|Any CPU
		{69903F85-1876-48EC-8E4F-07FA98A0AA09}.Debug|Any CPU.Build.0 = Debug|Any CPU
		{69903F85-1876-48EC-8E4F-07FA98A0AA09}.Release|Any CPU.ActiveCfg = Release|Any CPU
		{69903F85-1876-48EC-8E4F-07FA98A0AA09}.Release|Any CPU.Build.0 = Release|Any CPU
		{0E9C975F-8368-462E-8C8B-ED794958167B}.Debug|Any CPU.ActiveCfg = Debug|Any CPU
		{0E9C975F-8368-462E-8C8B-ED794958167B}.Debug|Any CPU.Build.0 = Debug|Any CPU
		{0E9C975F-8368-462E-8C8B-ED794958167B}.Release|Any CPU.ActiveCfg = Release|Any CPU
		{0E9C975F-8368-462E-8C8B-ED794958167B}.Release|Any CPU.Build.0 = Release|Any CPU
		{A2ED5FE3-1AD8-4E7B-B3BF-72D6193D46ED}.Debug|Any CPU.ActiveCfg = Debug|Any CPU
		{A2ED5FE3-1AD8-4E7B-B3BF-72D6193D46ED}.Debug|Any CPU.Build.0 = Debug|Any CPU
		{A2ED5FE3-1AD8-4E7B-B3BF-72D6193D46ED}.Release|Any CPU.ActiveCfg = Release|Any CPU
		{A2ED5FE3-1AD8-4E7B-B3BF-72D6193D46ED}.Release|Any CPU.Build.0 = Release|Any CPU
		{BA0A6B44-B049-4B06-84B4-CF88983D425C}.Debug|Any CPU.ActiveCfg = Debug|Any CPU
		{BA0A6B44-B049-4B06-84B4-CF88983D425C}.Debug|Any CPU.Build.0 = Debug|Any CPU
		{BA0A6B44-B049-4B06-84B4-CF88983D425C}.Release|Any CPU.ActiveCfg = Release|Any CPU
		{BA0A6B44-B049-4B06-84B4-CF88983D425C}.Release|Any CPU.Build.0 = Release|Any CPU
	EndGlobalSection
	GlobalSection(SolutionProperties) = preSolution
		HideSolutionNode = FALSE
	EndGlobalSection
	GlobalSection(ExtensibilityGlobals) = postSolution
		SolutionGuid = {7ED9A9E9-6ABC-4EA5-8CD7-4555B6A4E695}
	EndGlobalSection
EndGlobal
